// !$*UTF8*$!
{
	archiveVersion = 1;
	classes = {
	};
	objectVersion = 56;
	objects = {

/* Begin PBXBuildFile section */
		0FEA365963334565CA7BA398 /* Pods_ContactList.framework in Frameworks */ = {isa = PBXBuildFile; fileRef = DB337F2ADF98901B8ED31F36 /* Pods_ContactList.framework */; };
		257817192978DAC600B9A554 /* GoogleService-Info.plist in Resources */ = {isa = PBXBuildFile; fileRef = 257817182978DAC600B9A554 /* GoogleService-Info.plist */; };
		25B814D229779D1900587D57 /* AppDelegate.swift in Sources */ = {isa = PBXBuildFile; fileRef = 25B814D129779D1900587D57 /* AppDelegate.swift */; };
		25B814D429779D1900587D57 /* SceneDelegate.swift in Sources */ = {isa = PBXBuildFile; fileRef = 25B814D329779D1900587D57 /* SceneDelegate.swift */; };
		25B814D629779D1900587D57 /* ViewController.swift in Sources */ = {isa = PBXBuildFile; fileRef = 25B814D529779D1900587D57 /* ViewController.swift */; };
		25B814D929779D1900587D57 /* Main.storyboard in Resources */ = {isa = PBXBuildFile; fileRef = 25B814D729779D1900587D57 /* Main.storyboard */; };
		25B814DB29779D1B00587D57 /* Assets.xcassets in Resources */ = {isa = PBXBuildFile; fileRef = 25B814DA29779D1B00587D57 /* Assets.xcassets */; };
		25B814DE29779D1B00587D57 /* LaunchScreen.storyboard in Resources */ = {isa = PBXBuildFile; fileRef = 25B814DC29779D1B00587D57 /* LaunchScreen.storyboard */; };
		25B814E62977A06300587D57 /* ContactModel.swift in Sources */ = {isa = PBXBuildFile; fileRef = 25B814E52977A06300587D57 /* ContactModel.swift */; };
		25B814E82977A09400587D57 /* ContactBrain.swift in Sources */ = {isa = PBXBuildFile; fileRef = 25B814E72977A09400587D57 /* ContactBrain.swift */; };
		25B814EA2977C31700587D57 /* ContactViewController.swift in Sources */ = {isa = PBXBuildFile; fileRef = 25B814E92977C31700587D57 /* ContactViewController.swift */; };
		25C74B7D2978CFF500BC1CAB /* RegisterViewController.swift in Sources */ = {isa = PBXBuildFile; fileRef = 25C74B7C2978CFF500BC1CAB /* RegisterViewController.swift */; };
/* End PBXBuildFile section */

/* Begin PBXFileReference section */
		146AA804EA8662D735276293 /* Pods-ContactList.release.xcconfig */ = {isa = PBXFileReference; includeInIndex = 1; lastKnownFileType = text.xcconfig; name = "Pods-ContactList.release.xcconfig"; path = "Target Support Files/Pods-ContactList/Pods-ContactList.release.xcconfig"; sourceTree = "<group>"; };
		257817182978DAC600B9A554 /* GoogleService-Info.plist */ = {isa = PBXFileReference; fileEncoding = 4; lastKnownFileType = text.plist.xml; name = "GoogleService-Info.plist"; path = "../../../Downloads/GoogleService-Info.plist"; sourceTree = "<group>"; };
		25B814CE29779D1900587D57 /* ContactList.app */ = {isa = PBXFileReference; explicitFileType = wrapper.application; includeInIndex = 0; path = ContactList.app; sourceTree = BUILT_PRODUCTS_DIR; };
		25B814D129779D1900587D57 /* AppDelegate.swift */ = {isa = PBXFileReference; lastKnownFileType = sourcecode.swift; path = AppDelegate.swift; sourceTree = "<group>"; };
		25B814D329779D1900587D57 /* SceneDelegate.swift */ = {isa = PBXFileReference; lastKnownFileType = sourcecode.swift; path = SceneDelegate.swift; sourceTree = "<group>"; };
		25B814D529779D1900587D57 /* ViewController.swift */ = {isa = PBXFileReference; lastKnownFileType = sourcecode.swift; path = ViewController.swift; sourceTree = "<group>"; };
		25B814D829779D1900587D57 /* Base */ = {isa = PBXFileReference; lastKnownFileType = file.storyboard; name = Base; path = Base.lproj/Main.storyboard; sourceTree = "<group>"; };
		25B814DA29779D1B00587D57 /* Assets.xcassets */ = {isa = PBXFileReference; lastKnownFileType = folder.assetcatalog; path = Assets.xcassets; sourceTree = "<group>"; };
		25B814DD29779D1B00587D57 /* Base */ = {isa = PBXFileReference; lastKnownFileType = file.storyboard; name = Base; path = Base.lproj/LaunchScreen.storyboard; sourceTree = "<group>"; };
		25B814DF29779D1B00587D57 /* Info.plist */ = {isa = PBXFileReference; lastKnownFileType = text.plist.xml; path = Info.plist; sourceTree = "<group>"; };
		25B814E52977A06300587D57 /* ContactModel.swift */ = {isa = PBXFileReference; lastKnownFileType = sourcecode.swift; path = ContactModel.swift; sourceTree = "<group>"; };
		25B814E72977A09400587D57 /* ContactBrain.swift */ = {isa = PBXFileReference; lastKnownFileType = sourcecode.swift; path = ContactBrain.swift; sourceTree = "<group>"; };
		25B814E92977C31700587D57 /* ContactViewController.swift */ = {isa = PBXFileReference; lastKnownFileType = sourcecode.swift; path = ContactViewController.swift; sourceTree = "<group>"; };
		25C74B7C2978CFF500BC1CAB /* RegisterViewController.swift */ = {isa = PBXFileReference; lastKnownFileType = sourcecode.swift; path = RegisterViewController.swift; sourceTree = "<group>"; };
		834A5C4636B786C05E41C6FD /* Pods-ContactList.debug.xcconfig */ = {isa = PBXFileReference; includeInIndex = 1; lastKnownFileType = text.xcconfig; name = "Pods-ContactList.debug.xcconfig"; path = "Target Support Files/Pods-ContactList/Pods-ContactList.debug.xcconfig"; sourceTree = "<group>"; };
		DB337F2ADF98901B8ED31F36 /* Pods_ContactList.framework */ = {isa = PBXFileReference; explicitFileType = wrapper.framework; includeInIndex = 0; path = Pods_ContactList.framework; sourceTree = BUILT_PRODUCTS_DIR; };
/* End PBXFileReference section */

/* Begin PBXFrameworksBuildPhase section */
		25B814CB29779D1900587D57 /* Frameworks */ = {
			isa = PBXFrameworksBuildPhase;
			buildActionMask = 2147483647;
			files = (
				0FEA365963334565CA7BA398 /* Pods_ContactList.framework in Frameworks */,
			);
			runOnlyForDeploymentPostprocessing = 0;
		};
/* End PBXFrameworksBuildPhase section */

/* Begin PBXGroup section */
		148DC7EB4C0E2653A53F7F26 /* Pods */ = {
			isa = PBXGroup;
			children = (
				834A5C4636B786C05E41C6FD /* Pods-ContactList.debug.xcconfig */,
				146AA804EA8662D735276293 /* Pods-ContactList.release.xcconfig */,
			);
			path = Pods;
			sourceTree = "<group>";
		};
		25B814C529779D1900587D57 = {
			isa = PBXGroup;
			children = (
				25B814D029779D1900587D57 /* ContactList */,
				25B814CF29779D1900587D57 /* Products */,
				148DC7EB4C0E2653A53F7F26 /* Pods */,
				B1B0371CAA68BDDFFEF0C699 /* Frameworks */,
			);
			sourceTree = "<group>";
		};
		25B814CF29779D1900587D57 /* Products */ = {
			isa = PBXGroup;
			children = (
				25B814CE29779D1900587D57 /* ContactList.app */,
			);
			name = Products;
			sourceTree = "<group>";
		};
		25B814D029779D1900587D57 /* ContactList */ = {
			isa = PBXGroup;
			children = (
				25B814D129779D1900587D57 /* AppDelegate.swift */,
				25B814D329779D1900587D57 /* SceneDelegate.swift */,
				25B814D729779D1900587D57 /* Main.storyboard */,
				25B814EB2977EA5F00587D57 /* Controller */,
				25B814EC2977EA7800587D57 /* Model */,
				25B814DA29779D1B00587D57 /* Assets.xcassets */,
				25B814DC29779D1B00587D57 /* LaunchScreen.storyboard */,
				25B814DF29779D1B00587D57 /* Info.plist */,
				257817182978DAC600B9A554 /* GoogleService-Info.plist */,
			);
			path = ContactList;
			sourceTree = "<group>";
		};
		25B814EB2977EA5F00587D57 /* Controller */ = {
			isa = PBXGroup;
			children = (
				25B814D529779D1900587D57 /* ViewController.swift */,
				25B814E92977C31700587D57 /* ContactViewController.swift */,
				25C74B7C2978CFF500BC1CAB /* RegisterViewController.swift */,
			);
			path = Controller;
			sourceTree = "<group>";
		};
		25B814EC2977EA7800587D57 /* Model */ = {
			isa = PBXGroup;
			children = (
				25B814E52977A06300587D57 /* ContactModel.swift */,
				25B814E72977A09400587D57 /* ContactBrain.swift */,
			);
			path = Model;
			sourceTree = "<group>";
		};
		B1B0371CAA68BDDFFEF0C699 /* Frameworks */ = {
			isa = PBXGroup;
			children = (
				DB337F2ADF98901B8ED31F36 /* Pods_ContactList.framework */,
			);
			name = Frameworks;
			sourceTree = "<group>";
		};
/* End PBXGroup section */

/* Begin PBXNativeTarget section */
		25B814CD29779D1900587D57 /* ContactList */ = {
			isa = PBXNativeTarget;
			buildConfigurationList = 25B814E229779D1B00587D57 /* Build configuration list for PBXNativeTarget "ContactList" */;
			buildPhases = (
				F2805B9DE187CDF5DC3C4C6E /* [CP] Check Pods Manifest.lock */,
				25B814CA29779D1900587D57 /* Sources */,
				25B814CB29779D1900587D57 /* Frameworks */,
				25B814CC29779D1900587D57 /* Resources */,
				7304504D72A60598BDA27D8D /* [CP] Embed Pods Frameworks */,
			);
			buildRules = (
			);
			dependencies = (
			);
			name = ContactList;
			productName = ContactList;
			productReference = 25B814CE29779D1900587D57 /* ContactList.app */;
			productType = "com.apple.product-type.application";
		};
/* End PBXNativeTarget section */

/* Begin PBXProject section */
		25B814C629779D1900587D57 /* Project object */ = {
			isa = PBXProject;
			attributes = {
				BuildIndependentTargetsInParallel = 1;
				LastSwiftUpdateCheck = 1400;
				LastUpgradeCheck = 1400;
				TargetAttributes = {
					25B814CD29779D1900587D57 = {
						CreatedOnToolsVersion = 14.0.1;
					};
				};
			};
			buildConfigurationList = 25B814C929779D1900587D57 /* Build configuration list for PBXProject "ContactList" */;
			compatibilityVersion = "Xcode 14.0";
			developmentRegion = en;
			hasScannedForEncodings = 0;
			knownRegions = (
				en,
				Base,
			);
			mainGroup = 25B814C529779D1900587D57;
			productRefGroup = 25B814CF29779D1900587D57 /* Products */;
			projectDirPath = "";
			projectRoot = "";
			targets = (
				25B814CD29779D1900587D57 /* ContactList */,
			);
		};
/* End PBXProject section */

/* Begin PBXResourcesBuildPhase section */
		25B814CC29779D1900587D57 /* Resources */ = {
			isa = PBXResourcesBuildPhase;
			buildActionMask = 2147483647;
			files = (
				25B814DE29779D1B00587D57 /* LaunchScreen.storyboard in Resources */,
				257817192978DAC600B9A554 /* GoogleService-Info.plist in Resources */,
				25B814DB29779D1B00587D57 /* Assets.xcassets in Resources */,
				25B814D929779D1900587D57 /* Main.storyboard in Resources */,
			);
			runOnlyForDeploymentPostprocessing = 0;
		};
/* End PBXResourcesBuildPhase section */

/* Begin PBXShellScriptBuildPhase section */
		7304504D72A60598BDA27D8D /* [CP] Embed Pods Frameworks */ = {
			isa = PBXShellScriptBuildPhase;
			buildActionMask = 2147483647;
			files = (
			);
			inputFileListPaths = (
				"${PODS_ROOT}/Target Support Files/Pods-ContactList/Pods-ContactList-frameworks-${CONFIGURATION}-input-files.xcfilelist",
			);
			name = "[CP] Embed Pods Frameworks";
			outputFileListPaths = (
				"${PODS_ROOT}/Target Support Files/Pods-ContactList/Pods-ContactList-frameworks-${CONFIGURATION}-output-files.xcfilelist",
			);
			runOnlyForDeploymentPostprocessing = 0;
			shellPath = /bin/sh;
			shellScript = "\"${PODS_ROOT}/Target Support Files/Pods-ContactList/Pods-ContactList-frameworks.sh\"\n";
			showEnvVarsInLog = 0;
		};
		F2805B9DE187CDF5DC3C4C6E /* [CP] Check Pods Manifest.lock */ = {
			isa = PBXShellScriptBuildPhase;
			buildActionMask = 2147483647;
			files = (
			);
			inputFileListPaths = (
			);
			inputPaths = (
				"${PODS_PODFILE_DIR_PATH}/Podfile.lock",
				"${PODS_ROOT}/Manifest.lock",
			);
			name = "[CP] Check Pods Manifest.lock";
			outputFileListPaths = (
			);
			outputPaths = (
				"$(DERIVED_FILE_DIR)/Pods-ContactList-checkManifestLockResult.txt",
			);
			runOnlyForDeploymentPostprocessing = 0;
			shellPath = /bin/sh;
			shellScript = "diff \"${PODS_PODFILE_DIR_PATH}/Podfile.lock\" \"${PODS_ROOT}/Manifest.lock\" > /dev/null\nif [ $? != 0 ] ; then\n    # print error to STDERR\n    echo \"error: The sandbox is not in sync with the Podfile.lock. Run 'pod install' or update your CocoaPods installation.\" >&2\n    exit 1\nfi\n# This output is used by Xcode 'outputs' to avoid re-running this script phase.\necho \"SUCCESS\" > \"${SCRIPT_OUTPUT_FILE_0}\"\n";
			showEnvVarsInLog = 0;
		};
/* End PBXShellScriptBuildPhase section */

/* Begin PBXSourcesBuildPhase section */
		25B814CA29779D1900587D57 /* Sources */ = {
			isa = PBXSourcesBuildPhase;
			buildActionMask = 2147483647;
			files = (
				25B814D629779D1900587D57 /* ViewController.swift in Sources */,
				25B814E82977A09400587D57 /* ContactBrain.swift in Sources */,
				25C74B7D2978CFF500BC1CAB /* RegisterViewController.swift in Sources */,
				25B814D229779D1900587D57 /* AppDelegate.swift in Sources */,
				25B814E62977A06300587D57 /* ContactModel.swift in Sources */,
				25B814D429779D1900587D57 /* SceneDelegate.swift in Sources */,
				25B814EA2977C31700587D57 /* ContactViewController.swift in Sources */,
			);
			runOnlyForDeploymentPostprocessing = 0;
		};
/* End PBXSourcesBuildPhase section */

/* Begin PBXVariantGroup section */
		25B814D729779D1900587D57 /* Main.storyboard */ = {
			isa = PBXVariantGroup;
			children = (
				25B814D829779D1900587D57 /* Base */,
			);
			name = Main.storyboard;
			sourceTree = "<group>";
		};
		25B814DC29779D1B00587D57 /* LaunchScreen.storyboard */ = {
			isa = PBXVariantGroup;
			children = (
				25B814DD29779D1B00587D57 /* Base */,
			);
			name = LaunchScreen.storyboard;
			sourceTree = "<group>";
		};
/* End PBXVariantGroup section */

/* Begin XCBuildConfiguration section */
		25B814E029779D1B00587D57 /* Debug */ = {
			isa = XCBuildConfiguration;
			buildSettings = {
				ALWAYS_SEARCH_USER_PATHS = NO;
				CLANG_ANALYZER_NONNULL = YES;
				CLANG_ANALYZER_NUMBER_OBJECT_CONVERSION = YES_AGGRESSIVE;
				CLANG_CXX_LANGUAGE_STANDARD = "gnu++20";
				CLANG_ENABLE_MODULES = YES;
				CLANG_ENABLE_OBJC_ARC = YES;
				CLANG_ENABLE_OBJC_WEAK = YES;
				CLANG_WARN_BLOCK_CAPTURE_AUTORELEASING = YES;
				CLANG_WARN_BOOL_CONVERSION = YES;
				CLANG_WARN_COMMA = YES;
				CLANG_WARN_CONSTANT_CONVERSION = YES;
				CLANG_WARN_DEPRECATED_OBJC_IMPLEMENTATIONS = YES;
				CLANG_WARN_DIRECT_OBJC_ISA_USAGE = YES_ERROR;
				CLANG_WARN_DOCUMENTATION_COMMENTS = YES;
				CLANG_WARN_EMPTY_BODY = YES;
				CLANG_WARN_ENUM_CONVERSION = YES;
				CLANG_WARN_INFINITE_RECURSION = YES;
				CLANG_WARN_INT_CONVERSION = YES;
				CLANG_WARN_NON_LITERAL_NULL_CONVERSION = YES;
				CLANG_WARN_OBJC_IMPLICIT_RETAIN_SELF = YES;
				CLANG_WARN_OBJC_LITERAL_CONVERSION = YES;
				CLANG_WARN_OBJC_ROOT_CLASS = YES_ERROR;
				CLANG_WARN_QUOTED_INCLUDE_IN_FRAMEWORK_HEADER = YES;
				CLANG_WARN_RANGE_LOOP_ANALYSIS = YES;
				CLANG_WARN_STRICT_PROTOTYPES = YES;
				CLANG_WARN_SUSPICIOUS_MOVE = YES;
				CLANG_WARN_UNGUARDED_AVAILABILITY = YES_AGGRESSIVE;
				CLANG_WARN_UNREACHABLE_CODE = YES;
				CLANG_WARN__DUPLICATE_METHOD_MATCH = YES;
				COPY_PHASE_STRIP = NO;
				DEBUG_INFORMATION_FORMAT = dwarf;
				ENABLE_STRICT_OBJC_MSGSEND = YES;
				ENABLE_TESTABILITY = YES;
				GCC_C_LANGUAGE_STANDARD = gnu11;
				GCC_DYNAMIC_NO_PIC = NO;
				GCC_NO_COMMON_BLOCKS = YES;
				GCC_OPTIMIZATION_LEVEL = 0;
				GCC_PREPROCESSOR_DEFINITIONS = (
					"DEBUG=1",
					"$(inherited)",
				);
				GCC_WARN_64_TO_32_BIT_CONVERSION = YES;
				GCC_WARN_ABOUT_RETURN_TYPE = YES_ERROR;
				GCC_WARN_UNDECLARED_SELECTOR = YES;
				GCC_WARN_UNINITIALIZED_AUTOS = YES_AGGRESSIVE;
				GCC_WARN_UNUSED_FUNCTION = YES;
				GCC_WARN_UNUSED_VARIABLE = YES;
				IPHONEOS_DEPLOYMENT_TARGET = 16.0;
				MTL_ENABLE_DEBUG_INFO = INCLUDE_SOURCE;
				MTL_FAST_MATH = YES;
				ONLY_ACTIVE_ARCH = YES;
				SDKROOT = iphoneos;
				SWIFT_ACTIVE_COMPILATION_CONDITIONS = DEBUG;
				SWIFT_OPTIMIZATION_LEVEL = "-Onone";
			};
			name = Debug;
		};
		25B814E129779D1B00587D57 /* Release */ = {
			isa = XCBuildConfiguration;
			buildSettings = {
				ALWAYS_SEARCH_USER_PATHS = NO;
				CLANG_ANALYZER_NONNULL = YES;
				CLANG_ANALYZER_NUMBER_OBJECT_CONVERSION = YES_AGGRESSIVE;
				CLANG_CXX_LANGUAGE_STANDARD = "gnu++20";
				CLANG_ENABLE_MODULES = YES;
				CLANG_ENABLE_OBJC_ARC = YES;
				CLANG_ENABLE_OBJC_WEAK = YES;
				CLANG_WARN_BLOCK_CAPTURE_AUTORELEASING = YES;
				CLANG_WARN_BOOL_CONVERSION = YES;
				CLANG_WARN_COMMA = YES;
				CLANG_WARN_CONSTANT_CONVERSION = YES;
				CLANG_WARN_DEPRECATED_OBJC_IMPLEMENTATIONS = YES;
				CLANG_WARN_DIRECT_OBJC_ISA_USAGE = YES_ERROR;
				CLANG_WARN_DOCUMENTATION_COMMENTS = YES;
				CLANG_WARN_EMPTY_BODY = YES;
				CLANG_WARN_ENUM_CONVERSION = YES;
				CLANG_WARN_INFINITE_RECURSION = YES;
				CLANG_WARN_INT_CONVERSION = YES;
				CLANG_WARN_NON_LITERAL_NULL_CONVERSION = YES;
				CLANG_WARN_OBJC_IMPLICIT_RETAIN_SELF = YES;
				CLANG_WARN_OBJC_LITERAL_CONVERSION = YES;
				CLANG_WARN_OBJC_ROOT_CLASS = YES_ERROR;
				CLANG_WARN_QUOTED_INCLUDE_IN_FRAMEWORK_HEADER = YES;
				CLANG_WARN_RANGE_LOOP_ANALYSIS = YES;
				CLANG_WARN_STRICT_PROTOTYPES = YES;
				CLANG_WARN_SUSPICIOUS_MOVE = YES;
				CLANG_WARN_UNGUARDED_AVAILABILITY = YES_AGGRESSIVE;
				CLANG_WARN_UNREACHABLE_CODE = YES;
				CLANG_WARN__DUPLICATE_METHOD_MATCH = YES;
				COPY_PHASE_STRIP = NO;
				DEBUG_INFORMATION_FORMAT = "dwarf-with-dsym";
				ENABLE_NS_ASSERTIONS = NO;
				ENABLE_STRICT_OBJC_MSGSEND = YES;
				GCC_C_LANGUAGE_STANDARD = gnu11;
				GCC_NO_COMMON_BLOCKS = YES;
				GCC_WARN_64_TO_32_BIT_CONVERSION = YES;
				GCC_WARN_ABOUT_RETURN_TYPE = YES_ERROR;
				GCC_WARN_UNDECLARED_SELECTOR = YES;
				GCC_WARN_UNINITIALIZED_AUTOS = YES_AGGRESSIVE;
				GCC_WARN_UNUSED_FUNCTION = YES;
				GCC_WARN_UNUSED_VARIABLE = YES;
				IPHONEOS_DEPLOYMENT_TARGET = 16.0;
				MTL_ENABLE_DEBUG_INFO = NO;
				MTL_FAST_MATH = YES;
				SDKROOT = iphoneos;
				SWIFT_COMPILATION_MODE = wholemodule;
				SWIFT_OPTIMIZATION_LEVEL = "-O";
				VALIDATE_PRODUCT = YES;
			};
			name = Release;
		};
		25B814E329779D1B00587D57 /* Debug */ = {
			isa = XCBuildConfiguration;
			baseConfigurationReference = 834A5C4636B786C05E41C6FD /* Pods-ContactList.debug.xcconfig */;
			buildSettings = {
				ASSETCATALOG_COMPILER_APPICON_NAME = AppIcon;
				ASSETCATALOG_COMPILER_GLOBAL_ACCENT_COLOR_NAME = AccentColor;
				CODE_SIGN_STYLE = Automatic;
				CURRENT_PROJECT_VERSION = 1;
				GENERATE_INFOPLIST_FILE = YES;
				INFOPLIST_FILE = ContactList/Info.plist;
				INFOPLIST_KEY_UIApplicationSupportsIndirectInputEvents = YES;
				INFOPLIST_KEY_UILaunchStoryboardName = LaunchScreen;
				INFOPLIST_KEY_UIMainStoryboardFile = Main;
				INFOPLIST_KEY_UISupportedInterfaceOrientations_iPad = "UIInterfaceOrientationPortrait UIInterfaceOrientationPortraitUpsideDown UIInterfaceOrientationLandscapeLeft UIInterfaceOrientationLandscapeRight";
				INFOPLIST_KEY_UISupportedInterfaceOrientations_iPhone = "UIInterfaceOrientationPortrait UIInterfaceOrientationLandscapeLeft UIInterfaceOrientationLandscapeRight";
				LD_RUNPATH_SEARCH_PATHS = (
					"$(inherited)",
					"@executable_path/Frameworks",
				);
				MARKETING_VERSION = 1.0;
				PRODUCT_BUNDLE_IDENTIFIER = com.hiltiintern.ContactList;
				PRODUCT_NAME = "$(TARGET_NAME)";
				SWIFT_EMIT_LOC_STRINGS = YES;
				SWIFT_VERSION = 5.0;
				TARGETED_DEVICE_FAMILY = "1,2";
			};
			name = Debug;
		};
		25B814E429779D1B00587D57 /* Release */ = {
			isa = XCBuildConfiguration;
			baseConfigurationReference = 146AA804EA8662D735276293 /* Pods-ContactList.release.xcconfig */;
			buildSettings = {
				ASSETCATALOG_COMPILER_APPICON_NAME = AppIcon;
				ASSETCATALOG_COMPILER_GLOBAL_ACCENT_COLOR_NAME = AccentColor;
				CODE_SIGN_STYLE = Automatic;
				CURRENT_PROJECT_VERSION = 1;
				GENERATE_INFOPLIST_FILE = YES;
				INFOPLIST_FILE = ContactList/Info.plist;
				INFOPLIST_KEY_UIApplicationSupportsIndirectInputEvents = YES;
				INFOPLIST_KEY_UILaunchStoryboardName = LaunchScreen;
				INFOPLIST_KEY_UIMainStoryboardFile = Main;
				INFOPLIST_KEY_UISupportedInterfaceOrientations_iPad = "UIInterfaceOrientationPortrait UIInterfaceOrientationPortraitUpsideDown UIInterfaceOrientationLandscapeLeft UIInterfaceOrientationLandscapeRight";
				INFOPLIST_KEY_UISupportedInterfaceOrientations_iPhone = "UIInterfaceOrientationPortrait UIInterfaceOrientationLandscapeLeft UIInterfaceOrientationLandscapeRight";
				LD_RUNPATH_SEARCH_PATHS = (
					"$(inherited)",
					"@executable_path/Frameworks",
				);
				MARKETING_VERSION = 1.0;
				PRODUCT_BUNDLE_IDENTIFIER = com.hiltiintern.ContactList;
				PRODUCT_NAME = "$(TARGET_NAME)";
				SWIFT_EMIT_LOC_STRINGS = YES;
				SWIFT_VERSION = 5.0;
				TARGETED_DEVICE_FAMILY = "1,2";
			};
			name = Release;
		};
/* End XCBuildConfiguration section */

/* Begin XCConfigurationList section */
		25B814C929779D1900587D57 /* Build configuration list for PBXProject "ContactList" */ = {
			isa = XCConfigurationList;
			buildConfigurations = (
				25B814E029779D1B00587D57 /* Debug */,
				25B814E129779D1B00587D57 /* Release */,
			);
			defaultConfigurationIsVisible = 0;
			defaultConfigurationName = Release;
		};
		25B814E229779D1B00587D57 /* Build configuration list for PBXNativeTarget "ContactList" */ = {
			isa = XCConfigurationList;
			buildConfigurations = (
				25B814E329779D1B00587D57 /* Debug */,
				25B814E429779D1B00587D57 /* Release */,
			);
			defaultConfigurationIsVisible = 0;
			defaultConfigurationName = Release;
		};
/* End XCConfigurationList section */
	};
	rootObject = 25B814C629779D1900587D57 /* Project object */;
}
