// !$*UTF8*$!
{
	archiveVersion = 1;
	classes = {
	};
	objectVersion = 56;
	objects = {

/* Begin PBXBuildFile section */
		251A749129836DD20044EF7E /* AssetModel.swift in Sources */ = {isa = PBXBuildFile; fileRef = 251A749029836DD20044EF7E /* AssetModel.swift */; };
		251A74932983860E0044EF7E /* AssetViewModel.swift in Sources */ = {isa = PBXBuildFile; fileRef = 251A74922983860E0044EF7E /* AssetViewModel.swift */; };
		251A749529838A350044EF7E /* AddViewController.swift in Sources */ = {isa = PBXBuildFile; fileRef = 251A749429838A350044EF7E /* AddViewController.swift */; };
		2578BBCA29824BDD00448B08 /* AppDelegate.swift in Sources */ = {isa = PBXBuildFile; fileRef = 2578BBC929824BDD00448B08 /* AppDelegate.swift */; };
		2578BBCC29824BDD00448B08 /* SceneDelegate.swift in Sources */ = {isa = PBXBuildFile; fileRef = 2578BBCB29824BDD00448B08 /* SceneDelegate.swift */; };
		2578BBCE29824BDD00448B08 /* ViewController.swift in Sources */ = {isa = PBXBuildFile; fileRef = 2578BBCD29824BDD00448B08 /* ViewController.swift */; };
		2578BBD129824BDD00448B08 /* Main.storyboard in Resources */ = {isa = PBXBuildFile; fileRef = 2578BBCF29824BDD00448B08 /* Main.storyboard */; };
		2578BBD329824BDF00448B08 /* Assets.xcassets in Resources */ = {isa = PBXBuildFile; fileRef = 2578BBD229824BDF00448B08 /* Assets.xcassets */; };
		2578BBD629824BDF00448B08 /* LaunchScreen.storyboard in Resources */ = {isa = PBXBuildFile; fileRef = 2578BBD429824BDF00448B08 /* LaunchScreen.storyboard */; };
		2578BBDE29824C1F00448B08 /* GoogleService-Info.plist in Resources */ = {isa = PBXBuildFile; fileRef = 2578BBDD29824C1F00448B08 /* GoogleService-Info.plist */; };
		C189343BA65B4C2F2BF5E426 /* Pods_assetView.framework in Frameworks */ = {isa = PBXBuildFile; fileRef = 1FD2864A8E56F1B60F11867A /* Pods_assetView.framework */; };
/* End PBXBuildFile section */

/* Begin PBXFileReference section */
		1FD2864A8E56F1B60F11867A /* Pods_assetView.framework */ = {isa = PBXFileReference; explicitFileType = wrapper.framework; includeInIndex = 0; path = Pods_assetView.framework; sourceTree = BUILT_PRODUCTS_DIR; };
		251A749029836DD20044EF7E /* AssetModel.swift */ = {isa = PBXFileReference; lastKnownFileType = sourcecode.swift; path = AssetModel.swift; sourceTree = "<group>"; };
		251A74922983860E0044EF7E /* AssetViewModel.swift */ = {isa = PBXFileReference; lastKnownFileType = sourcecode.swift; path = AssetViewModel.swift; sourceTree = "<group>"; };
		251A749429838A350044EF7E /* AddViewController.swift */ = {isa = PBXFileReference; lastKnownFileType = sourcecode.swift; path = AddViewController.swift; sourceTree = "<group>"; };
		2578BBC629824BDD00448B08 /* assetView.app */ = {isa = PBXFileReference; explicitFileType = wrapper.application; includeInIndex = 0; path = assetView.app; sourceTree = BUILT_PRODUCTS_DIR; };
		2578BBC929824BDD00448B08 /* AppDelegate.swift */ = {isa = PBXFileReference; lastKnownFileType = sourcecode.swift; path = AppDelegate.swift; sourceTree = "<group>"; };
		2578BBCB29824BDD00448B08 /* SceneDelegate.swift */ = {isa = PBXFileReference; lastKnownFileType = sourcecode.swift; path = SceneDelegate.swift; sourceTree = "<group>"; };
		2578BBCD29824BDD00448B08 /* ViewController.swift */ = {isa = PBXFileReference; lastKnownFileType = sourcecode.swift; path = ViewController.swift; sourceTree = "<group>"; };
		2578BBD029824BDD00448B08 /* Base */ = {isa = PBXFileReference; lastKnownFileType = file.storyboard; name = Base; path = Base.lproj/Main.storyboard; sourceTree = "<group>"; };
		2578BBD229824BDF00448B08 /* Assets.xcassets */ = {isa = PBXFileReference; lastKnownFileType = folder.assetcatalog; path = Assets.xcassets; sourceTree = "<group>"; };
		2578BBD529824BDF00448B08 /* Base */ = {isa = PBXFileReference; lastKnownFileType = file.storyboard; name = Base; path = Base.lproj/LaunchScreen.storyboard; sourceTree = "<group>"; };
		2578BBD729824BDF00448B08 /* Info.plist */ = {isa = PBXFileReference; lastKnownFileType = text.plist.xml; path = Info.plist; sourceTree = "<group>"; };
		2578BBDD29824C1F00448B08 /* GoogleService-Info.plist */ = {isa = PBXFileReference; fileEncoding = 4; lastKnownFileType = text.plist.xml; name = "GoogleService-Info.plist"; path = "../../../Downloads/GoogleService-Info.plist"; sourceTree = "<group>"; };
		7AB0505F68B91A425477971A /* Pods-assetView.release.xcconfig */ = {isa = PBXFileReference; includeInIndex = 1; lastKnownFileType = text.xcconfig; name = "Pods-assetView.release.xcconfig"; path = "Target Support Files/Pods-assetView/Pods-assetView.release.xcconfig"; sourceTree = "<group>"; };
		B1DA7EA4F5ACC37865FFBFF4 /* Pods-assetView.debug.xcconfig */ = {isa = PBXFileReference; includeInIndex = 1; lastKnownFileType = text.xcconfig; name = "Pods-assetView.debug.xcconfig"; path = "Target Support Files/Pods-assetView/Pods-assetView.debug.xcconfig"; sourceTree = "<group>"; };
/* End PBXFileReference section */

/* Begin PBXFrameworksBuildPhase section */
		2578BBC329824BDD00448B08 /* Frameworks */ = {
			isa = PBXFrameworksBuildPhase;
			buildActionMask = 2147483647;
			files = (
				C189343BA65B4C2F2BF5E426 /* Pods_assetView.framework in Frameworks */,
			);
			runOnlyForDeploymentPostprocessing = 0;
		};
/* End PBXFrameworksBuildPhase section */

/* Begin PBXGroup section */
		2578BBBD29824BDD00448B08 = {
			isa = PBXGroup;
			children = (
				2578BBC829824BDD00448B08 /* assetView */,
				2578BBC729824BDD00448B08 /* Products */,
				364254CEBE4D3AE6A6E31E0A /* Pods */,
				DB2227A0229DAC8039243C27 /* Frameworks */,
			);
			sourceTree = "<group>";
		};
		2578BBC729824BDD00448B08 /* Products */ = {
			isa = PBXGroup;
			children = (
				2578BBC629824BDD00448B08 /* assetView.app */,
			);
			name = Products;
			sourceTree = "<group>";
		};
		2578BBC829824BDD00448B08 /* assetView */ = {
			isa = PBXGroup;
			children = (
				2578BBC929824BDD00448B08 /* AppDelegate.swift */,
				251A749029836DD20044EF7E /* AssetModel.swift */,
				251A74922983860E0044EF7E /* AssetViewModel.swift */,
				2578BBCB29824BDD00448B08 /* SceneDelegate.swift */,
				2578BBCD29824BDD00448B08 /* ViewController.swift */,
				2578BBD429824BDF00448B08 /* LaunchScreen.storyboard */,
				2578BBCF29824BDD00448B08 /* Main.storyboard */,
				251A749429838A350044EF7E /* AddViewController.swift */,
				2578BBD229824BDF00448B08 /* Assets.xcassets */,
				2578BBD729824BDF00448B08 /* Info.plist */,
				2578BBDD29824C1F00448B08 /* GoogleService-Info.plist */,
			);
			path = assetView;
			sourceTree = "<group>";
		};
		364254CEBE4D3AE6A6E31E0A /* Pods */ = {
			isa = PBXGroup;
			children = (
				B1DA7EA4F5ACC37865FFBFF4 /* Pods-assetView.debug.xcconfig */,
				7AB0505F68B91A425477971A /* Pods-assetView.release.xcconfig */,
			);
			path = Pods;
			sourceTree = "<group>";
		};
		DB2227A0229DAC8039243C27 /* Frameworks */ = {
			isa = PBXGroup;
			children = (
				1FD2864A8E56F1B60F11867A /* Pods_assetView.framework */,
			);
			name = Frameworks;
			sourceTree = "<group>";
		};
/* End PBXGroup section */

/* Begin PBXNativeTarget section */
		2578BBC529824BDD00448B08 /* assetView */ = {
			isa = PBXNativeTarget;
			buildConfigurationList = 2578BBDA29824BDF00448B08 /* Build configuration list for PBXNativeTarget "assetView" */;
			buildPhases = (
				5E6925729AEB13D9B8C5E165 /* [CP] Check Pods Manifest.lock */,
				2578BBC229824BDD00448B08 /* Sources */,
				2578BBC329824BDD00448B08 /* Frameworks */,
				2578BBC429824BDD00448B08 /* Resources */,
				B28D79EB5990CB6D28EA2F92 /* [CP] Embed Pods Frameworks */,
			);
			buildRules = (
			);
			dependencies = (
			);
			name = assetView;
			productName = assetView;
			productReference = 2578BBC629824BDD00448B08 /* assetView.app */;
			productType = "com.apple.product-type.application";
		};
/* End PBXNativeTarget section */

/* Begin PBXProject section */
		2578BBBE29824BDD00448B08 /* Project object */ = {
			isa = PBXProject;
			attributes = {
				BuildIndependentTargetsInParallel = 1;
				LastSwiftUpdateCheck = 1420;
				LastUpgradeCheck = 1420;
				TargetAttributes = {
					2578BBC529824BDD00448B08 = {
						CreatedOnToolsVersion = 14.2;
					};
				};
			};
			buildConfigurationList = 2578BBC129824BDD00448B08 /* Build configuration list for PBXProject "assetView" */;
			compatibilityVersion = "Xcode 14.0";
			developmentRegion = en;
			hasScannedForEncodings = 0;
			knownRegions = (
				en,
				Base,
			);
			mainGroup = 2578BBBD29824BDD00448B08;
			productRefGroup = 2578BBC729824BDD00448B08 /* Products */;
			projectDirPath = "";
			projectRoot = "";
			targets = (
				2578BBC529824BDD00448B08 /* assetView */,
			);
		};
/* End PBXProject section */

/* Begin PBXResourcesBuildPhase section */
		2578BBC429824BDD00448B08 /* Resources */ = {
			isa = PBXResourcesBuildPhase;
			buildActionMask = 2147483647;
			files = (
				2578BBD629824BDF00448B08 /* LaunchScreen.storyboard in Resources */,
				2578BBD329824BDF00448B08 /* Assets.xcassets in Resources */,
				2578BBD129824BDD00448B08 /* Main.storyboard in Resources */,
				2578BBDE29824C1F00448B08 /* GoogleService-Info.plist in Resources */,
			);
			runOnlyForDeploymentPostprocessing = 0;
		};
/* End PBXResourcesBuildPhase section */

/* Begin PBXShellScriptBuildPhase section */
		5E6925729AEB13D9B8C5E165 /* [CP] Check Pods Manifest.lock */ = {
			isa = PBXShellScriptBuildPhase;
			buildActionMask = 2147483647;
			files = (
			);
			inputFileListPaths = (
			);
			inputPaths = (
				"${PODS_PODFILE_DIR_PATH}/Podfile.lock",
				"${PODS_ROOT}/Manifest.lock",
			);
			name = "[CP] Check Pods Manifest.lock";
			outputFileListPaths = (
			);
			outputPaths = (
				"$(DERIVED_FILE_DIR)/Pods-assetView-checkManifestLockResult.txt",
			);
			runOnlyForDeploymentPostprocessing = 0;
			shellPath = /bin/sh;
			shellScript = "diff \"${PODS_PODFILE_DIR_PATH}/Podfile.lock\" \"${PODS_ROOT}/Manifest.lock\" > /dev/null\nif [ $? != 0 ] ; then\n    # print error to STDERR\n    echo \"error: The sandbox is not in sync with the Podfile.lock. Run 'pod install' or update your CocoaPods installation.\" >&2\n    exit 1\nfi\n# This output is used by Xcode 'outputs' to avoid re-running this script phase.\necho \"SUCCESS\" > \"${SCRIPT_OUTPUT_FILE_0}\"\n";
			showEnvVarsInLog = 0;
		};
		B28D79EB5990CB6D28EA2F92 /* [CP] Embed Pods Frameworks */ = {
			isa = PBXShellScriptBuildPhase;
			buildActionMask = 2147483647;
			files = (
			);
			inputFileListPaths = (
				"${PODS_ROOT}/Target Support Files/Pods-assetView/Pods-assetView-frameworks-${CONFIGURATION}-input-files.xcfilelist",
			);
			name = "[CP] Embed Pods Frameworks";
			outputFileListPaths = (
				"${PODS_ROOT}/Target Support Files/Pods-assetView/Pods-assetView-frameworks-${CONFIGURATION}-output-files.xcfilelist",
			);
			runOnlyForDeploymentPostprocessing = 0;
			shellPath = /bin/sh;
			shellScript = "\"${PODS_ROOT}/Target Support Files/Pods-assetView/Pods-assetView-frameworks.sh\"\n";
			showEnvVarsInLog = 0;
		};
/* End PBXShellScriptBuildPhase section */

/* Begin PBXSourcesBuildPhase section */
		2578BBC229824BDD00448B08 /* Sources */ = {
			isa = PBXSourcesBuildPhase;
			buildActionMask = 2147483647;
			files = (
				2578BBCE29824BDD00448B08 /* ViewController.swift in Sources */,
				2578BBCA29824BDD00448B08 /* AppDelegate.swift in Sources */,
				251A749529838A350044EF7E /* AddViewController.swift in Sources */,
				251A74932983860E0044EF7E /* AssetViewModel.swift in Sources */,
				251A749129836DD20044EF7E /* AssetModel.swift in Sources */,
				2578BBCC29824BDD00448B08 /* SceneDelegate.swift in Sources */,
			);
			runOnlyForDeploymentPostprocessing = 0;
		};
/* End PBXSourcesBuildPhase section */

/* Begin PBXVariantGroup section */
		2578BBCF29824BDD00448B08 /* Main.storyboard */ = {
			isa = PBXVariantGroup;
			children = (
				2578BBD029824BDD00448B08 /* Base */,
			);
			name = Main.storyboard;
			sourceTree = "<group>";
		};
		2578BBD429824BDF00448B08 /* LaunchScreen.storyboard */ = {
			isa = PBXVariantGroup;
			children = (
				2578BBD529824BDF00448B08 /* Base */,
			);
			name = LaunchScreen.storyboard;
			sourceTree = "<group>";
		};
/* End PBXVariantGroup section */

/* Begin XCBuildConfiguration section */
		2578BBD829824BDF00448B08 /* Debug */ = {
			isa = XCBuildConfiguration;
			buildSettings = {
				ALWAYS_SEARCH_USER_PATHS = NO;
				CLANG_ANALYZER_NONNULL = YES;
				CLANG_ANALYZER_NUMBER_OBJECT_CONVERSION = YES_AGGRESSIVE;
				CLANG_CXX_LANGUAGE_STANDARD = "gnu++20";
				CLANG_ENABLE_MODULES = YES;
				CLANG_ENABLE_OBJC_ARC = YES;
				CLANG_ENABLE_OBJC_WEAK = YES;
				CLANG_WARN_BLOCK_CAPTURE_AUTORELEASING = YES;
				CLANG_WARN_BOOL_CONVERSION = YES;
				CLANG_WARN_COMMA = YES;
				CLANG_WARN_CONSTANT_CONVERSION = YES;
				CLANG_WARN_DEPRECATED_OBJC_IMPLEMENTATIONS = YES;
				CLANG_WARN_DIRECT_OBJC_ISA_USAGE = YES_ERROR;
				CLANG_WARN_DOCUMENTATION_COMMENTS = YES;
				CLANG_WARN_EMPTY_BODY = YES;
				CLANG_WARN_ENUM_CONVERSION = YES;
				CLANG_WARN_INFINITE_RECURSION = YES;
				CLANG_WARN_INT_CONVERSION = YES;
				CLANG_WARN_NON_LITERAL_NULL_CONVERSION = YES;
				CLANG_WARN_OBJC_IMPLICIT_RETAIN_SELF = YES;
				CLANG_WARN_OBJC_LITERAL_CONVERSION = YES;
				CLANG_WARN_OBJC_ROOT_CLASS = YES_ERROR;
				CLANG_WARN_QUOTED_INCLUDE_IN_FRAMEWORK_HEADER = YES;
				CLANG_WARN_RANGE_LOOP_ANALYSIS = YES;
				CLANG_WARN_STRICT_PROTOTYPES = YES;
				CLANG_WARN_SUSPICIOUS_MOVE = YES;
				CLANG_WARN_UNGUARDED_AVAILABILITY = YES_AGGRESSIVE;
				CLANG_WARN_UNREACHABLE_CODE = YES;
				CLANG_WARN__DUPLICATE_METHOD_MATCH = YES;
				COPY_PHASE_STRIP = NO;
				DEBUG_INFORMATION_FORMAT = dwarf;
				ENABLE_STRICT_OBJC_MSGSEND = YES;
				ENABLE_TESTABILITY = YES;
				GCC_C_LANGUAGE_STANDARD = gnu11;
				GCC_DYNAMIC_NO_PIC = NO;
				GCC_NO_COMMON_BLOCKS = YES;
				GCC_OPTIMIZATION_LEVEL = 0;
				GCC_PREPROCESSOR_DEFINITIONS = (
					"DEBUG=1",
					"$(inherited)",
				);
				GCC_WARN_64_TO_32_BIT_CONVERSION = YES;
				GCC_WARN_ABOUT_RETURN_TYPE = YES_ERROR;
				GCC_WARN_UNDECLARED_SELECTOR = YES;
				GCC_WARN_UNINITIALIZED_AUTOS = YES_AGGRESSIVE;
				GCC_WARN_UNUSED_FUNCTION = YES;
				GCC_WARN_UNUSED_VARIABLE = YES;
				IPHONEOS_DEPLOYMENT_TARGET = 16.2;
				MTL_ENABLE_DEBUG_INFO = INCLUDE_SOURCE;
				MTL_FAST_MATH = YES;
				ONLY_ACTIVE_ARCH = YES;
				SDKROOT = iphoneos;
				SWIFT_ACTIVE_COMPILATION_CONDITIONS = DEBUG;
				SWIFT_OPTIMIZATION_LEVEL = "-Onone";
			};
			name = Debug;
		};
		2578BBD929824BDF00448B08 /* Release */ = {
			isa = XCBuildConfiguration;
			buildSettings = {
				ALWAYS_SEARCH_USER_PATHS = NO;
				CLANG_ANALYZER_NONNULL = YES;
				CLANG_ANALYZER_NUMBER_OBJECT_CONVERSION = YES_AGGRESSIVE;
				CLANG_CXX_LANGUAGE_STANDARD = "gnu++20";
				CLANG_ENABLE_MODULES = YES;
				CLANG_ENABLE_OBJC_ARC = YES;
				CLANG_ENABLE_OBJC_WEAK = YES;
				CLANG_WARN_BLOCK_CAPTURE_AUTORELEASING = YES;
				CLANG_WARN_BOOL_CONVERSION = YES;
				CLANG_WARN_COMMA = YES;
				CLANG_WARN_CONSTANT_CONVERSION = YES;
				CLANG_WARN_DEPRECATED_OBJC_IMPLEMENTATIONS = YES;
				CLANG_WARN_DIRECT_OBJC_ISA_USAGE = YES_ERROR;
				CLANG_WARN_DOCUMENTATION_COMMENTS = YES;
				CLANG_WARN_EMPTY_BODY = YES;
				CLANG_WARN_ENUM_CONVERSION = YES;
				CLANG_WARN_INFINITE_RECURSION = YES;
				CLANG_WARN_INT_CONVERSION = YES;
				CLANG_WARN_NON_LITERAL_NULL_CONVERSION = YES;
				CLANG_WARN_OBJC_IMPLICIT_RETAIN_SELF = YES;
				CLANG_WARN_OBJC_LITERAL_CONVERSION = YES;
				CLANG_WARN_OBJC_ROOT_CLASS = YES_ERROR;
				CLANG_WARN_QUOTED_INCLUDE_IN_FRAMEWORK_HEADER = YES;
				CLANG_WARN_RANGE_LOOP_ANALYSIS = YES;
				CLANG_WARN_STRICT_PROTOTYPES = YES;
				CLANG_WARN_SUSPICIOUS_MOVE = YES;
				CLANG_WARN_UNGUARDED_AVAILABILITY = YES_AGGRESSIVE;
				CLANG_WARN_UNREACHABLE_CODE = YES;
				CLANG_WARN__DUPLICATE_METHOD_MATCH = YES;
				COPY_PHASE_STRIP = NO;
				DEBUG_INFORMATION_FORMAT = "dwarf-with-dsym";
				ENABLE_NS_ASSERTIONS = NO;
				ENABLE_STRICT_OBJC_MSGSEND = YES;
				GCC_C_LANGUAGE_STANDARD = gnu11;
				GCC_NO_COMMON_BLOCKS = YES;
				GCC_WARN_64_TO_32_BIT_CONVERSION = YES;
				GCC_WARN_ABOUT_RETURN_TYPE = YES_ERROR;
				GCC_WARN_UNDECLARED_SELECTOR = YES;
				GCC_WARN_UNINITIALIZED_AUTOS = YES_AGGRESSIVE;
				GCC_WARN_UNUSED_FUNCTION = YES;
				GCC_WARN_UNUSED_VARIABLE = YES;
				IPHONEOS_DEPLOYMENT_TARGET = 16.2;
				MTL_ENABLE_DEBUG_INFO = NO;
				MTL_FAST_MATH = YES;
				SDKROOT = iphoneos;
				SWIFT_COMPILATION_MODE = wholemodule;
				SWIFT_OPTIMIZATION_LEVEL = "-O";
				VALIDATE_PRODUCT = YES;
			};
			name = Release;
		};
		2578BBDB29824BDF00448B08 /* Debug */ = {
			isa = XCBuildConfiguration;
			baseConfigurationReference = B1DA7EA4F5ACC37865FFBFF4 /* Pods-assetView.debug.xcconfig */;
			buildSettings = {
				ASSETCATALOG_COMPILER_APPICON_NAME = AppIcon;
				ASSETCATALOG_COMPILER_GLOBAL_ACCENT_COLOR_NAME = AccentColor;
				CODE_SIGN_STYLE = Automatic;
				CURRENT_PROJECT_VERSION = 1;
				DEVELOPMENT_TEAM = FD9Q466N6B;
				GENERATE_INFOPLIST_FILE = YES;
				INFOPLIST_FILE = assetView/Info.plist;
				INFOPLIST_KEY_UIApplicationSupportsIndirectInputEvents = YES;
				INFOPLIST_KEY_UILaunchStoryboardName = LaunchScreen;
				INFOPLIST_KEY_UIMainStoryboardFile = Main;
				INFOPLIST_KEY_UISupportedInterfaceOrientations_iPad = "UIInterfaceOrientationPortrait UIInterfaceOrientationPortraitUpsideDown UIInterfaceOrientationLandscapeLeft UIInterfaceOrientationLandscapeRight";
				INFOPLIST_KEY_UISupportedInterfaceOrientations_iPhone = "UIInterfaceOrientationPortrait UIInterfaceOrientationLandscapeLeft UIInterfaceOrientationLandscapeRight";
				LD_RUNPATH_SEARCH_PATHS = (
					"$(inherited)",
					"@executable_path/Frameworks",
				);
				MARKETING_VERSION = 1.0;
				PRODUCT_BUNDLE_IDENTIFIER = com.hiltiintern.assetView;
				PRODUCT_NAME = "$(TARGET_NAME)";
				SWIFT_EMIT_LOC_STRINGS = YES;
				SWIFT_VERSION = 5.0;
				TARGETED_DEVICE_FAMILY = "1,2";
			};
			name = Debug;
		};
		2578BBDC29824BDF00448B08 /* Release */ = {
			isa = XCBuildConfiguration;
			baseConfigurationReference = 7AB0505F68B91A425477971A /* Pods-assetView.release.xcconfig */;
			buildSettings = {
				ASSETCATALOG_COMPILER_APPICON_NAME = AppIcon;
				ASSETCATALOG_COMPILER_GLOBAL_ACCENT_COLOR_NAME = AccentColor;
				CODE_SIGN_STYLE = Automatic;
				CURRENT_PROJECT_VERSION = 1;
				DEVELOPMENT_TEAM = FD9Q466N6B;
				GENERATE_INFOPLIST_FILE = YES;
				INFOPLIST_FILE = assetView/Info.plist;
				INFOPLIST_KEY_UIApplicationSupportsIndirectInputEvents = YES;
				INFOPLIST_KEY_UILaunchStoryboardName = LaunchScreen;
				INFOPLIST_KEY_UIMainStoryboardFile = Main;
				INFOPLIST_KEY_UISupportedInterfaceOrientations_iPad = "UIInterfaceOrientationPortrait UIInterfaceOrientationPortraitUpsideDown UIInterfaceOrientationLandscapeLeft UIInterfaceOrientationLandscapeRight";
				INFOPLIST_KEY_UISupportedInterfaceOrientations_iPhone = "UIInterfaceOrientationPortrait UIInterfaceOrientationLandscapeLeft UIInterfaceOrientationLandscapeRight";
				LD_RUNPATH_SEARCH_PATHS = (
					"$(inherited)",
					"@executable_path/Frameworks",
				);
				MARKETING_VERSION = 1.0;
				PRODUCT_BUNDLE_IDENTIFIER = com.hiltiintern.assetView;
				PRODUCT_NAME = "$(TARGET_NAME)";
				SWIFT_EMIT_LOC_STRINGS = YES;
				SWIFT_VERSION = 5.0;
				TARGETED_DEVICE_FAMILY = "1,2";
			};
			name = Release;
		};
/* End XCBuildConfiguration section */

/* Begin XCConfigurationList section */
		2578BBC129824BDD00448B08 /* Build configuration list for PBXProject "assetView" */ = {
			isa = XCConfigurationList;
			buildConfigurations = (
				2578BBD829824BDF00448B08 /* Debug */,
				2578BBD929824BDF00448B08 /* Release */,
			);
			defaultConfigurationIsVisible = 0;
			defaultConfigurationName = Release;
		};
		2578BBDA29824BDF00448B08 /* Build configuration list for PBXNativeTarget "assetView" */ = {
			isa = XCConfigurationList;
			buildConfigurations = (
				2578BBDB29824BDF00448B08 /* Debug */,
				2578BBDC29824BDF00448B08 /* Release */,
			);
			defaultConfigurationIsVisible = 0;
			defaultConfigurationName = Release;
		};
/* End XCConfigurationList section */
	};
	rootObject = 2578BBBE29824BDD00448B08 /* Project object */;
}
